// !$*UTF8*$!
{
	archiveVersion = 1;
	classes = {
	};
	objectVersion = 46;
	objects = {

/* Begin PBXBuildFile section */
		1E7C673A90E0F7045A65CE43 /* libPods.a in Frameworks */ = {isa = PBXBuildFile; fileRef = 7772BBCE21375448BB9A01AA /* libPods.a */; };
		8E222BBB1B6EF9FD00C86CDC /* main.m in Sources */ = {isa = PBXBuildFile; fileRef = 8E222BBA1B6EF9FD00C86CDC /* main.m */; };
		8E222BBE1B6EF9FD00C86CDC /* AppDelegate.m in Sources */ = {isa = PBXBuildFile; fileRef = 8E222BBD1B6EF9FD00C86CDC /* AppDelegate.m */; };
		8E222BC41B6EF9FD00C86CDC /* Main.storyboard in Resources */ = {isa = PBXBuildFile; fileRef = 8E222BC21B6EF9FD00C86CDC /* Main.storyboard */; };
		8E222BC61B6EF9FD00C86CDC /* Images.xcassets in Resources */ = {isa = PBXBuildFile; fileRef = 8E222BC51B6EF9FD00C86CDC /* Images.xcassets */; };
		8E222BC91B6EF9FD00C86CDC /* LaunchScreen.xib in Resources */ = {isa = PBXBuildFile; fileRef = 8E222BC71B6EF9FD00C86CDC /* LaunchScreen.xib */; };
		8E222BD51B6EF9FD00C86CDC /* MJdeFMTests.m in Sources */ = {isa = PBXBuildFile; fileRef = 8E222BD41B6EF9FD00C86CDC /* MJdeFMTests.m */; };
		8E222BE41B6EFAA300C86CDC /* UIView+YALConstraints.m in Sources */ = {isa = PBXBuildFile; fileRef = 8E222BE01B6EFAA300C86CDC /* UIView+YALConstraints.m */; };
		8E222BE51B6EFAA300C86CDC /* YALContextMenuTableView.m in Sources */ = {isa = PBXBuildFile; fileRef = 8E222BE31B6EFAA300C86CDC /* YALContextMenuTableView.m */; };
		8E222BEB1B6EFB6100C86CDC /* MJTabBarController.m in Sources */ = {isa = PBXBuildFile; fileRef = 8E222BEA1B6EFB6100C86CDC /* MJTabBarController.m */; };
		8E222BF01B6EFC0B00C86CDC /* ContextMenuCell.m in Sources */ = {isa = PBXBuildFile; fileRef = 8E222BEE1B6EFC0B00C86CDC /* ContextMenuCell.m */; };
		8E222BF11B6EFC0B00C86CDC /* ContextMenuCell.xib in Resources */ = {isa = PBXBuildFile; fileRef = 8E222BEF1B6EFC0B00C86CDC /* ContextMenuCell.xib */; };
		8E2686FE1B6F496400C86D76 /* MJPlayerViewController.m in Sources */ = {isa = PBXBuildFile; fileRef = 8E2686FD1B6F496400C86D76 /* MJPlayerViewController.m */; };
		8E2687011B6F4FE600C86D76 /* MJSong.m in Sources */ = {isa = PBXBuildFile; fileRef = 8E2687001B6F4FE600C86D76 /* MJSong.m */; };
		8E2687041B6F50E800C86D76 /* MJChannel.m in Sources */ = {isa = PBXBuildFile; fileRef = 8E2687031B6F50E800C86D76 /* MJChannel.m */; };
		8E2687081B6F58E600C86D76 /* MJFetcher.m in Sources */ = {isa = PBXBuildFile; fileRef = 8E2687071B6F58E600C86D76 /* MJFetcher.m */; };
		8E26870B1B6F65B500C86D76 /* MJChannelManager.m in Sources */ = {isa = PBXBuildFile; fileRef = 8E26870A1B6F65B500C86D76 /* MJChannelManager.m */; };
/* End PBXBuildFile section */

/* Begin PBXContainerItemProxy section */
		8E222BCF1B6EF9FD00C86CDC /* PBXContainerItemProxy */ = {
			isa = PBXContainerItemProxy;
			containerPortal = 8E222BAD1B6EF9FD00C86CDC /* Project object */;
			proxyType = 1;
			remoteGlobalIDString = 8E222BB41B6EF9FD00C86CDC;
			remoteInfo = MJdeFM;
		};
/* End PBXContainerItemProxy section */

/* Begin PBXFileReference section */
		4D733A6DD57FA94CE0F66C52 /* Pods.debug.xcconfig */ = {isa = PBXFileReference; includeInIndex = 1; lastKnownFileType = text.xcconfig; name = Pods.debug.xcconfig; path = "Pods/Target Support Files/Pods/Pods.debug.xcconfig"; sourceTree = "<group>"; };
		7772BBCE21375448BB9A01AA /* libPods.a */ = {isa = PBXFileReference; explicitFileType = archive.ar; includeInIndex = 0; path = libPods.a; sourceTree = BUILT_PRODUCTS_DIR; };
		8E222BB51B6EF9FD00C86CDC /* MJdeFM.app */ = {isa = PBXFileReference; explicitFileType = wrapper.application; includeInIndex = 0; path = MJdeFM.app; sourceTree = BUILT_PRODUCTS_DIR; };
		8E222BB91B6EF9FD00C86CDC /* Info.plist */ = {isa = PBXFileReference; lastKnownFileType = text.plist.xml; path = Info.plist; sourceTree = "<group>"; };
		8E222BBA1B6EF9FD00C86CDC /* main.m */ = {isa = PBXFileReference; lastKnownFileType = sourcecode.c.objc; path = main.m; sourceTree = "<group>"; };
		8E222BBC1B6EF9FD00C86CDC /* AppDelegate.h */ = {isa = PBXFileReference; lastKnownFileType = sourcecode.c.h; path = AppDelegate.h; sourceTree = "<group>"; };
		8E222BBD1B6EF9FD00C86CDC /* AppDelegate.m */ = {isa = PBXFileReference; lastKnownFileType = sourcecode.c.objc; path = AppDelegate.m; sourceTree = "<group>"; };
		8E222BC31B6EF9FD00C86CDC /* Base */ = {isa = PBXFileReference; lastKnownFileType = file.storyboard; name = Base; path = Base.lproj/Main.storyboard; sourceTree = "<group>"; };
		8E222BC51B6EF9FD00C86CDC /* Images.xcassets */ = {isa = PBXFileReference; lastKnownFileType = folder.assetcatalog; path = Images.xcassets; sourceTree = "<group>"; };
		8E222BC81B6EF9FD00C86CDC /* Base */ = {isa = PBXFileReference; lastKnownFileType = file.xib; name = Base; path = Base.lproj/LaunchScreen.xib; sourceTree = "<group>"; };
		8E222BCE1B6EF9FD00C86CDC /* MJdeFMTests.xctest */ = {isa = PBXFileReference; explicitFileType = wrapper.cfbundle; includeInIndex = 0; path = MJdeFMTests.xctest; sourceTree = BUILT_PRODUCTS_DIR; };
		8E222BD31B6EF9FD00C86CDC /* Info.plist */ = {isa = PBXFileReference; lastKnownFileType = text.plist.xml; path = Info.plist; sourceTree = "<group>"; };
		8E222BD41B6EF9FD00C86CDC /* MJdeFMTests.m */ = {isa = PBXFileReference; lastKnownFileType = sourcecode.c.objc; path = MJdeFMTests.m; sourceTree = "<group>"; };
		8E222BDF1B6EFAA300C86CDC /* UIView+YALConstraints.h */ = {isa = PBXFileReference; fileEncoding = 4; lastKnownFileType = sourcecode.c.h; path = "UIView+YALConstraints.h"; sourceTree = "<group>"; };
		8E222BE01B6EFAA300C86CDC /* UIView+YALConstraints.m */ = {isa = PBXFileReference; fileEncoding = 4; lastKnownFileType = sourcecode.c.objc; path = "UIView+YALConstraints.m"; sourceTree = "<group>"; };
		8E222BE11B6EFAA300C86CDC /* YALContextMenuCell.h */ = {isa = PBXFileReference; fileEncoding = 4; lastKnownFileType = sourcecode.c.h; path = YALContextMenuCell.h; sourceTree = "<group>"; };
		8E222BE21B6EFAA300C86CDC /* YALContextMenuTableView.h */ = {isa = PBXFileReference; fileEncoding = 4; lastKnownFileType = sourcecode.c.h; path = YALContextMenuTableView.h; sourceTree = "<group>"; };
		8E222BE31B6EFAA300C86CDC /* YALContextMenuTableView.m */ = {isa = PBXFileReference; fileEncoding = 4; lastKnownFileType = sourcecode.c.objc; path = YALContextMenuTableView.m; sourceTree = "<group>"; };
		8E222BE91B6EFB6100C86CDC /* MJTabBarController.h */ = {isa = PBXFileReference; fileEncoding = 4; lastKnownFileType = sourcecode.c.h; name = MJTabBarController.h; path = Controller/MJTabBarController.h; sourceTree = "<group>"; };
		8E222BEA1B6EFB6100C86CDC /* MJTabBarController.m */ = {isa = PBXFileReference; fileEncoding = 4; lastKnownFileType = sourcecode.c.objc; name = MJTabBarController.m; path = Controller/MJTabBarController.m; sourceTree = "<group>"; };
		8E222BED1B6EFC0B00C86CDC /* ContextMenuCell.h */ = {isa = PBXFileReference; fileEncoding = 4; lastKnownFileType = sourcecode.c.h; path = ContextMenuCell.h; sourceTree = "<group>"; };
		8E222BEE1B6EFC0B00C86CDC /* ContextMenuCell.m */ = {isa = PBXFileReference; fileEncoding = 4; lastKnownFileType = sourcecode.c.objc; path = ContextMenuCell.m; sourceTree = "<group>"; };
		8E222BEF1B6EFC0B00C86CDC /* ContextMenuCell.xib */ = {isa = PBXFileReference; fileEncoding = 4; lastKnownFileType = file.xib; path = ContextMenuCell.xib; sourceTree = "<group>"; };
		8E2686FC1B6F496400C86D76 /* MJPlayerViewController.h */ = {isa = PBXFileReference; fileEncoding = 4; lastKnownFileType = sourcecode.c.h; name = MJPlayerViewController.h; path = Controller/MJPlayerViewController.h; sourceTree = "<group>"; };
		8E2686FD1B6F496400C86D76 /* MJPlayerViewController.m */ = {isa = PBXFileReference; fileEncoding = 4; lastKnownFileType = sourcecode.c.objc; name = MJPlayerViewController.m; path = Controller/MJPlayerViewController.m; sourceTree = "<group>"; };
		8E2686FF1B6F4FE600C86D76 /* MJSong.h */ = {isa = PBXFileReference; fileEncoding = 4; lastKnownFileType = sourcecode.c.h; name = MJSong.h; path = Model/MJSong.h; sourceTree = "<group>"; };
		8E2687001B6F4FE600C86D76 /* MJSong.m */ = {isa = PBXFileReference; fileEncoding = 4; lastKnownFileType = sourcecode.c.objc; name = MJSong.m; path = Model/MJSong.m; sourceTree = "<group>"; };
		8E2687021B6F50E000C86D76 /* MJChannel.h */ = {isa = PBXFileReference; lastKnownFileType = sourcecode.c.h; name = MJChannel.h; path = Model/MJChannel.h; sourceTree = "<group>"; };
		8E2687031B6F50E800C86D76 /* MJChannel.m */ = {isa = PBXFileReference; fileEncoding = 4; lastKnownFileType = sourcecode.c.objc; name = MJChannel.m; path = Model/MJChannel.m; sourceTree = "<group>"; };
		8E2687061B6F58E600C86D76 /* MJFetcher.h */ = {isa = PBXFileReference; fileEncoding = 4; lastKnownFileType = sourcecode.c.h; name = MJFetcher.h; path = Utility/MJFetcher.h; sourceTree = "<group>"; };
		8E2687071B6F58E600C86D76 /* MJFetcher.m */ = {isa = PBXFileReference; fileEncoding = 4; lastKnownFileType = sourcecode.c.objc; name = MJFetcher.m; path = Utility/MJFetcher.m; sourceTree = "<group>"; };
		8E2687091B6F65B500C86D76 /* MJChannelManager.h */ = {isa = PBXFileReference; fileEncoding = 4; lastKnownFileType = sourcecode.c.h; name = MJChannelManager.h; path = Model/MJChannelManager.h; sourceTree = "<group>"; };
		8E26870A1B6F65B500C86D76 /* MJChannelManager.m */ = {isa = PBXFileReference; fileEncoding = 4; lastKnownFileType = sourcecode.c.objc; name = MJChannelManager.m; path = Model/MJChannelManager.m; sourceTree = "<group>"; };
		F9F9F984A31501415E2157F4 /* Pods.release.xcconfig */ = {isa = PBXFileReference; includeInIndex = 1; lastKnownFileType = text.xcconfig; name = Pods.release.xcconfig; path = "Pods/Target Support Files/Pods/Pods.release.xcconfig"; sourceTree = "<group>"; };
/* End PBXFileReference section */

/* Begin PBXFrameworksBuildPhase section */
		8E222BB21B6EF9FD00C86CDC /* Frameworks */ = {
			isa = PBXFrameworksBuildPhase;
			buildActionMask = 2147483647;
			files = (
				1E7C673A90E0F7045A65CE43 /* libPods.a in Frameworks */,
			);
			runOnlyForDeploymentPostprocessing = 0;
		};
		8E222BCB1B6EF9FD00C86CDC /* Frameworks */ = {
			isa = PBXFrameworksBuildPhase;
			buildActionMask = 2147483647;
			files = (
			);
			runOnlyForDeploymentPostprocessing = 0;
		};
/* End PBXFrameworksBuildPhase section */

/* Begin PBXGroup section */
		1EFB2979C3E2428AA530F14D /* Frameworks */ = {
			isa = PBXGroup;
			children = (
				7772BBCE21375448BB9A01AA /* libPods.a */,
			);
			name = Frameworks;
			sourceTree = "<group>";
		};
		396CCF250ACB1CC55958828C /* Pods */ = {
			isa = PBXGroup;
			children = (
				4D733A6DD57FA94CE0F66C52 /* Pods.debug.xcconfig */,
				F9F9F984A31501415E2157F4 /* Pods.release.xcconfig */,
			);
			name = Pods;
			sourceTree = "<group>";
		};
		8E222BAC1B6EF9FD00C86CDC = {
			isa = PBXGroup;
			children = (
				8E222BB71B6EF9FD00C86CDC /* MJdeFM */,
				8E222BD11B6EF9FD00C86CDC /* MJdeFMTests */,
				8E222BB61B6EF9FD00C86CDC /* Products */,
				396CCF250ACB1CC55958828C /* Pods */,
				1EFB2979C3E2428AA530F14D /* Frameworks */,
			);
			sourceTree = "<group>";
		};
		8E222BB61B6EF9FD00C86CDC /* Products */ = {
			isa = PBXGroup;
			children = (
				8E222BB51B6EF9FD00C86CDC /* MJdeFM.app */,
				8E222BCE1B6EF9FD00C86CDC /* MJdeFMTests.xctest */,
			);
			name = Products;
			sourceTree = "<group>";
		};
		8E222BB71B6EF9FD00C86CDC /* MJdeFM */ = {
			isa = PBXGroup;
			children = (
				8E222BE61B6EFAAB00C86CDC /* Model */,
				8E222BE71B6EFABE00C86CDC /* View */,
				8E222BE81B6EFAC600C86CDC /* Controller */,
				8E2687051B6F585100C86D76 /* Utility */,
				8E222BBC1B6EF9FD00C86CDC /* AppDelegate.h */,
				8E222BBD1B6EF9FD00C86CDC /* AppDelegate.m */,
				8E222BC21B6EF9FD00C86CDC /* Main.storyboard */,
				8E222BC51B6EF9FD00C86CDC /* Images.xcassets */,
				8E222BC71B6EF9FD00C86CDC /* LaunchScreen.xib */,
				8E222BB81B6EF9FD00C86CDC /* Supporting Files */,
			);
			path = MJdeFM;
			sourceTree = "<group>";
		};
		8E222BB81B6EF9FD00C86CDC /* Supporting Files */ = {
			isa = PBXGroup;
			children = (
				8E222BB91B6EF9FD00C86CDC /* Info.plist */,
				8E222BBA1B6EF9FD00C86CDC /* main.m */,
			);
			name = "Supporting Files";
			sourceTree = "<group>";
		};
		8E222BD11B6EF9FD00C86CDC /* MJdeFMTests */ = {
			isa = PBXGroup;
			children = (
				8E222BD41B6EF9FD00C86CDC /* MJdeFMTests.m */,
				8E222BD21B6EF9FD00C86CDC /* Supporting Files */,
			);
			path = MJdeFMTests;
			sourceTree = "<group>";
		};
		8E222BD21B6EF9FD00C86CDC /* Supporting Files */ = {
			isa = PBXGroup;
			children = (
				8E222BD31B6EF9FD00C86CDC /* Info.plist */,
			);
			name = "Supporting Files";
			sourceTree = "<group>";
		};
		8E222BDE1B6EFAA300C86CDC /* YALContextMenu */ = {
			isa = PBXGroup;
			children = (
				8E222BDF1B6EFAA300C86CDC /* UIView+YALConstraints.h */,
				8E222BE01B6EFAA300C86CDC /* UIView+YALConstraints.m */,
				8E222BE11B6EFAA300C86CDC /* YALContextMenuCell.h */,
				8E222BE21B6EFAA300C86CDC /* YALContextMenuTableView.h */,
				8E222BE31B6EFAA300C86CDC /* YALContextMenuTableView.m */,
			);
			path = YALContextMenu;
			sourceTree = "<group>";
		};
		8E222BE61B6EFAAB00C86CDC /* Model */ = {
			isa = PBXGroup;
			children = (
				8E2686FF1B6F4FE600C86D76 /* MJSong.h */,
				8E2687001B6F4FE600C86D76 /* MJSong.m */,
				8E2687021B6F50E000C86D76 /* MJChannel.h */,
				8E2687031B6F50E800C86D76 /* MJChannel.m */,
				8E2687091B6F65B500C86D76 /* MJChannelManager.h */,
				8E26870A1B6F65B500C86D76 /* MJChannelManager.m */,
			);
			name = Model;
			sourceTree = "<group>";
		};
		8E222BE71B6EFABE00C86CDC /* View */ = {
			isa = PBXGroup;
			children = (
				8E222BEC1B6EFC0B00C86CDC /* ContextMenuCell */,
				8E222BDE1B6EFAA300C86CDC /* YALContextMenu */,
			);
			name = View;
			sourceTree = "<group>";
		};
		8E222BE81B6EFAC600C86CDC /* Controller */ = {
			isa = PBXGroup;
			children = (
				8E222BE91B6EFB6100C86CDC /* MJTabBarController.h */,
				8E222BEA1B6EFB6100C86CDC /* MJTabBarController.m */,
				8E2686FC1B6F496400C86D76 /* MJPlayerViewController.h */,
				8E2686FD1B6F496400C86D76 /* MJPlayerViewController.m */,
			);
			name = Controller;
			sourceTree = "<group>";
		};
		8E222BEC1B6EFC0B00C86CDC /* ContextMenuCell */ = {
			isa = PBXGroup;
			children = (
				8E222BED1B6EFC0B00C86CDC /* ContextMenuCell.h */,
				8E222BEE1B6EFC0B00C86CDC /* ContextMenuCell.m */,
				8E222BEF1B6EFC0B00C86CDC /* ContextMenuCell.xib */,
			);
			path = ContextMenuCell;
			sourceTree = "<group>";
		};
		8E2687051B6F585100C86D76 /* Utility */ = {
			isa = PBXGroup;
			children = (
				8E2687061B6F58E600C86D76 /* MJFetcher.h */,
				8E2687071B6F58E600C86D76 /* MJFetcher.m */,
			);
			name = Utility;
			sourceTree = "<group>";
		};
/* End PBXGroup section */

/* Begin PBXNativeTarget section */
		8E222BB41B6EF9FD00C86CDC /* MJdeFM */ = {
			isa = PBXNativeTarget;
			buildConfigurationList = 8E222BD81B6EF9FD00C86CDC /* Build configuration list for PBXNativeTarget "MJdeFM" */;
			buildPhases = (
				2BA790AAC989E9790B36B393 /* Check Pods Manifest.lock */,
				8E222BB11B6EF9FD00C86CDC /* Sources */,
				8E222BB21B6EF9FD00C86CDC /* Frameworks */,
				8E222BB31B6EF9FD00C86CDC /* Resources */,
				9299A3343AFDED3D9E5A7EDE /* Copy Pods Resources */,
			);
			buildRules = (
			);
			dependencies = (
			);
			name = MJdeFM;
			productName = MJdeFM;
			productReference = 8E222BB51B6EF9FD00C86CDC /* MJdeFM.app */;
			productType = "com.apple.product-type.application";
		};
		8E222BCD1B6EF9FD00C86CDC /* MJdeFMTests */ = {
			isa = PBXNativeTarget;
			buildConfigurationList = 8E222BDB1B6EF9FD00C86CDC /* Build configuration list for PBXNativeTarget "MJdeFMTests" */;
			buildPhases = (
				8E222BCA1B6EF9FD00C86CDC /* Sources */,
				8E222BCB1B6EF9FD00C86CDC /* Frameworks */,
				8E222BCC1B6EF9FD00C86CDC /* Resources */,
			);
			buildRules = (
			);
			dependencies = (
				8E222BD01B6EF9FD00C86CDC /* PBXTargetDependency */,
			);
			name = MJdeFMTests;
			productName = MJdeFMTests;
			productReference = 8E222BCE1B6EF9FD00C86CDC /* MJdeFMTests.xctest */;
			productType = "com.apple.product-type.bundle.unit-test";
		};
/* End PBXNativeTarget section */

/* Begin PBXProject section */
		8E222BAD1B6EF9FD00C86CDC /* Project object */ = {
			isa = PBXProject;
			attributes = {
				LastUpgradeCheck = 0640;
				ORGANIZATIONNAME = WangMinjun;
				TargetAttributes = {
					8E222BB41B6EF9FD00C86CDC = {
						CreatedOnToolsVersion = 6.4;
					};
					8E222BCD1B6EF9FD00C86CDC = {
						CreatedOnToolsVersion = 6.4;
						TestTargetID = 8E222BB41B6EF9FD00C86CDC;
					};
				};
			};
			buildConfigurationList = 8E222BB01B6EF9FD00C86CDC /* Build configuration list for PBXProject "MJdeFM" */;
			compatibilityVersion = "Xcode 3.2";
			developmentRegion = English;
			hasScannedForEncodings = 0;
			knownRegions = (
				en,
				Base,
			);
			mainGroup = 8E222BAC1B6EF9FD00C86CDC;
			productRefGroup = 8E222BB61B6EF9FD00C86CDC /* Products */;
			projectDirPath = "";
			projectRoot = "";
			targets = (
				8E222BB41B6EF9FD00C86CDC /* MJdeFM */,
				8E222BCD1B6EF9FD00C86CDC /* MJdeFMTests */,
			);
		};
/* End PBXProject section */

/* Begin PBXResourcesBuildPhase section */
		8E222BB31B6EF9FD00C86CDC /* Resources */ = {
			isa = PBXResourcesBuildPhase;
			buildActionMask = 2147483647;
			files = (
				8E222BC41B6EF9FD00C86CDC /* Main.storyboard in Resources */,
				8E222BC91B6EF9FD00C86CDC /* LaunchScreen.xib in Resources */,
				8E222BF11B6EFC0B00C86CDC /* ContextMenuCell.xib in Resources */,
				8E222BC61B6EF9FD00C86CDC /* Images.xcassets in Resources */,
			);
			runOnlyForDeploymentPostprocessing = 0;
		};
		8E222BCC1B6EF9FD00C86CDC /* Resources */ = {
			isa = PBXResourcesBuildPhase;
			buildActionMask = 2147483647;
			files = (
			);
			runOnlyForDeploymentPostprocessing = 0;
		};
/* End PBXResourcesBuildPhase section */

/* Begin PBXShellScriptBuildPhase section */
		2BA790AAC989E9790B36B393 /* Check Pods Manifest.lock */ = {
			isa = PBXShellScriptBuildPhase;
			buildActionMask = 2147483647;
			files = (
			);
			inputPaths = (
			);
			name = "Check Pods Manifest.lock";
			outputPaths = (
			);
			runOnlyForDeploymentPostprocessing = 0;
			shellPath = /bin/sh;
			shellScript = "diff \"${PODS_ROOT}/../Podfile.lock\" \"${PODS_ROOT}/Manifest.lock\" > /dev/null\nif [[ $? != 0 ]] ; then\n    cat << EOM\nerror: The sandbox is not in sync with the Podfile.lock. Run 'pod install' or update your CocoaPods installation.\nEOM\n    exit 1\nfi\n";
			showEnvVarsInLog = 0;
		};
		9299A3343AFDED3D9E5A7EDE /* Copy Pods Resources */ = {
			isa = PBXShellScriptBuildPhase;
			buildActionMask = 2147483647;
			files = (
			);
			inputPaths = (
			);
			name = "Copy Pods Resources";
			outputPaths = (
			);
			runOnlyForDeploymentPostprocessing = 0;
			shellPath = /bin/sh;
			shellScript = "\"${SRCROOT}/Pods/Target Support Files/Pods/Pods-resources.sh\"\n";
			showEnvVarsInLog = 0;
		};
/* End PBXShellScriptBuildPhase section */

/* Begin PBXSourcesBuildPhase section */
		8E222BB11B6EF9FD00C86CDC /* Sources */ = {
			isa = PBXSourcesBuildPhase;
			buildActionMask = 2147483647;
			files = (
				8E222BEB1B6EFB6100C86CDC /* MJTabBarController.m in Sources */,
				8E2687011B6F4FE600C86D76 /* MJSong.m in Sources */,
				8E222BE51B6EFAA300C86CDC /* YALContextMenuTableView.m in Sources */,
				8E2686FE1B6F496400C86D76 /* MJPlayerViewController.m in Sources */,
				8E26870B1B6F65B500C86D76 /* MJChannelManager.m in Sources */,
				8E2687081B6F58E600C86D76 /* MJFetcher.m in Sources */,
				8E222BE41B6EFAA300C86CDC /* UIView+YALConstraints.m in Sources */,
				8E222BBE1B6EF9FD00C86CDC /* AppDelegate.m in Sources */,
				8E222BF01B6EFC0B00C86CDC /* ContextMenuCell.m in Sources */,
				8E2687041B6F50E800C86D76 /* MJChannel.m in Sources */,
				8E222BBB1B6EF9FD00C86CDC /* main.m in Sources */,
			);
			runOnlyForDeploymentPostprocessing = 0;
		};
		8E222BCA1B6EF9FD00C86CDC /* Sources */ = {
			isa = PBXSourcesBuildPhase;
			buildActionMask = 2147483647;
			files = (
				8E222BD51B6EF9FD00C86CDC /* MJdeFMTests.m in Sources */,
			);
			runOnlyForDeploymentPostprocessing = 0;
		};
/* End PBXSourcesBuildPhase section */

/* Begin PBXTargetDependency section */
		8E222BD01B6EF9FD00C86CDC /* PBXTargetDependency */ = {
			isa = PBXTargetDependency;
			target = 8E222BB41B6EF9FD00C86CDC /* MJdeFM */;
			targetProxy = 8E222BCF1B6EF9FD00C86CDC /* PBXContainerItemProxy */;
		};
/* End PBXTargetDependency section */

/* Begin PBXVariantGroup section */
		8E222BC21B6EF9FD00C86CDC /* Main.storyboard */ = {
			isa = PBXVariantGroup;
			children = (
				8E222BC31B6EF9FD00C86CDC /* Base */,
			);
			name = Main.storyboard;
			sourceTree = "<group>";
		};
		8E222BC71B6EF9FD00C86CDC /* LaunchScreen.xib */ = {
			isa = PBXVariantGroup;
			children = (
				8E222BC81B6EF9FD00C86CDC /* Base */,
			);
			name = LaunchScreen.xib;
			sourceTree = "<group>";
		};
/* End PBXVariantGroup section */

/* Begin XCBuildConfiguration section */
		8E222BD61B6EF9FD00C86CDC /* Debug */ = {
			isa = XCBuildConfiguration;
			buildSettings = {
				ALWAYS_SEARCH_USER_PATHS = NO;
				CLANG_CXX_LANGUAGE_STANDARD = "gnu++0x";
				CLANG_CXX_LIBRARY = "libc++";
				CLANG_ENABLE_MODULES = YES;
				CLANG_ENABLE_OBJC_ARC = YES;
				CLANG_WARN_BOOL_CONVERSION = YES;
				CLANG_WARN_CONSTANT_CONVERSION = YES;
				CLANG_WARN_DIRECT_OBJC_ISA_USAGE = YES_ERROR;
				CLANG_WARN_EMPTY_BODY = YES;
				CLANG_WARN_ENUM_CONVERSION = YES;
				CLANG_WARN_INT_CONVERSION = YES;
				CLANG_WARN_OBJC_ROOT_CLASS = YES_ERROR;
				CLANG_WARN_UNREACHABLE_CODE = YES;
				CLANG_WARN__DUPLICATE_METHOD_MATCH = YES;
				"CODE_SIGN_IDENTITY[sdk=iphoneos*]" = "iPhone Developer";
				COPY_PHASE_STRIP = NO;
				DEBUG_INFORMATION_FORMAT = "dwarf-with-dsym";
				ENABLE_STRICT_OBJC_MSGSEND = YES;
				GCC_C_LANGUAGE_STANDARD = gnu99;
				GCC_DYNAMIC_NO_PIC = NO;
				GCC_NO_COMMON_BLOCKS = YES;
				GCC_OPTIMIZATION_LEVEL = 0;
				GCC_PREPROCESSOR_DEFINITIONS = (
					"DEBUG=1",
					"$(inherited)",
				);
				GCC_SYMBOLS_PRIVATE_EXTERN = NO;
				GCC_WARN_64_TO_32_BIT_CONVERSION = YES;
				GCC_WARN_ABOUT_RETURN_TYPE = YES_ERROR;
				GCC_WARN_UNDECLARED_SELECTOR = YES;
				GCC_WARN_UNINITIALIZED_AUTOS = YES_AGGRESSIVE;
				GCC_WARN_UNUSED_FUNCTION = YES;
				GCC_WARN_UNUSED_VARIABLE = YES;
				IPHONEOS_DEPLOYMENT_TARGET = 8.4;
				MTL_ENABLE_DEBUG_INFO = YES;
				ONLY_ACTIVE_ARCH = YES;
				SDKROOT = iphoneos;
				TARGETED_DEVICE_FAMILY = "1,2";
			};
			name = Debug;
		};
		8E222BD71B6EF9FD00C86CDC /* Release */ = {
			isa = XCBuildConfiguration;
			buildSettings = {
				ALWAYS_SEARCH_USER_PATHS = NO;
				CLANG_CXX_LANGUAGE_STANDARD = "gnu++0x";
				CLANG_CXX_LIBRARY = "libc++";
				CLANG_ENABLE_MODULES = YES;
				CLANG_ENABLE_OBJC_ARC = YES;
				CLANG_WARN_BOOL_CONVERSION = YES;
				CLANG_WARN_CONSTANT_CONVERSION = YES;
				CLANG_WARN_DIRECT_OBJC_ISA_USAGE = YES_ERROR;
				CLANG_WARN_EMPTY_BODY = YES;
				CLANG_WARN_ENUM_CONVERSION = YES;
				CLANG_WARN_INT_CONVERSION = YES;
				CLANG_WARN_OBJC_ROOT_CLASS = YES_ERROR;
				CLANG_WARN_UNREACHABLE_CODE = YES;
				CLANG_WARN__DUPLICATE_METHOD_MATCH = YES;
				"CODE_SIGN_IDENTITY[sdk=iphoneos*]" = "iPhone Developer";
				COPY_PHASE_STRIP = NO;
				DEBUG_INFORMATION_FORMAT = "dwarf-with-dsym";
				ENABLE_NS_ASSERTIONS = NO;
				ENABLE_STRICT_OBJC_MSGSEND = YES;
				GCC_C_LANGUAGE_STANDARD = gnu99;
				GCC_NO_COMMON_BLOCKS = YES;
				GCC_WARN_64_TO_32_BIT_CONVERSION = YES;
				GCC_WARN_ABOUT_RETURN_TYPE = YES_ERROR;
				GCC_WARN_UNDECLARED_SELECTOR = YES;
				GCC_WARN_UNINITIALIZED_AUTOS = YES_AGGRESSIVE;
				GCC_WARN_UNUSED_FUNCTION = YES;
				GCC_WARN_UNUSED_VARIABLE = YES;
				IPHONEOS_DEPLOYMENT_TARGET = 8.4;
				MTL_ENABLE_DEBUG_INFO = NO;
				SDKROOT = iphoneos;
				TARGETED_DEVICE_FAMILY = "1,2";
				VALIDATE_PRODUCT = YES;
			};
			name = Release;
		};
		8E222BD91B6EF9FD00C86CDC /* Debug */ = {
			isa = XCBuildConfiguration;
			baseConfigurationReference = 4D733A6DD57FA94CE0F66C52 /* Pods.debug.xcconfig */;
			buildSettings = {
				ASSETCATALOG_COMPILER_APPICON_NAME = AppIcon;
				INFOPLIST_FILE = MJdeFM/Info.plist;
				LD_RUNPATH_SEARCH_PATHS = "$(inherited) @executable_path/Frameworks";
				PRODUCT_NAME = "$(TARGET_NAME)";
			};
			name = Debug;
		};
		8E222BDA1B6EF9FD00C86CDC /* Release */ = {
			isa = XCBuildConfiguration;
			baseConfigurationReference = F9F9F984A31501415E2157F4 /* Pods.release.xcconfig */;
			buildSettings = {
				ASSETCATALOG_COMPILER_APPICON_NAME = AppIcon;
				INFOPLIST_FILE = MJdeFM/Info.plist;
				LD_RUNPATH_SEARCH_PATHS = "$(inherited) @executable_path/Frameworks";
				PRODUCT_NAME = "$(TARGET_NAME)";
			};
			name = Release;
		};
		8E222BDC1B6EF9FD00C86CDC /* Debug */ = {
			isa = XCBuildConfiguration;
			buildSettings = {
				BUNDLE_LOADER = "$(TEST_HOST)";
				FRAMEWORK_SEARCH_PATHS = (
					"$(SDKROOT)/Developer/Library/Frameworks",
					"$(inherited)",
				);
				GCC_PREPROCESSOR_DEFINITIONS = (
					"DEBUG=1",
					"$(inherited)",
				);
				INFOPLIST_FILE = MJdeFMTests/Info.plist;
				LD_RUNPATH_SEARCH_PATHS = "$(inherited) @executable_path/Frameworks @loader_path/Frameworks";
				PRODUCT_NAME = "$(TARGET_NAME)";
				TEST_HOST = "$(BUILT_PRODUCTS_DIR)/MJdeFM.app/MJdeFM";
			};
			name = Debug;
		};
		8E222BDD1B6EF9FD00C86CDC /* Release */ = {
			isa = XCBuildConfiguration;
			buildSettings = {
				BUNDLE_LOADER = "$(TEST_HOST)";
				FRAMEWORK_SEARCH_PATHS = (
					"$(SDKROOT)/Developer/Library/Frameworks",
					"$(inherited)",
				);
				INFOPLIST_FILE = MJdeFMTests/Info.plist;
				LD_RUNPATH_SEARCH_PATHS = "$(inherited) @executable_path/Frameworks @loader_path/Frameworks";
				PRODUCT_NAME = "$(TARGET_NAME)";
				TEST_HOST = "$(BUILT_PRODUCTS_DIR)/MJdeFM.app/MJdeFM";
			};
			name = Release;
		};
/* End XCBuildConfiguration section */

/* Begin XCConfigurationList section */
		8E222BB01B6EF9FD00C86CDC /* Build configuration list for PBXProject "MJdeFM" */ = {
			isa = XCConfigurationList;
			buildConfigurations = (
				8E222BD61B6EF9FD00C86CDC /* Debug */,
				8E222BD71B6EF9FD00C86CDC /* Release */,
			);
			defaultConfigurationIsVisible = 0;
			defaultConfigurationName = Release;
		};
		8E222BD81B6EF9FD00C86CDC /* Build configuration list for PBXNativeTarget "MJdeFM" */ = {
			isa = XCConfigurationList;
			buildConfigurations = (
				8E222BD91B6EF9FD00C86CDC /* Debug */,
				8E222BDA1B6EF9FD00C86CDC /* Release */,
			);
			defaultConfigurationIsVisible = 0;
			defaultConfigurationName = Release;
		};
		8E222BDB1B6EF9FD00C86CDC /* Build configuration list for PBXNativeTarget "MJdeFMTests" */ = {
			isa = XCConfigurationList;
			buildConfigurations = (
				8E222BDC1B6EF9FD00C86CDC /* Debug */,
				8E222BDD1B6EF9FD00C86CDC /* Release */,
			);
			defaultConfigurationIsVisible = 0;
			defaultConfigurationName = Release;
		};
/* End XCConfigurationList section */
	};
	rootObject = 8E222BAD1B6EF9FD00C86CDC /* Project object */;
}
